
Microsoft Visual Studio Solution File, Format Version 12.00
# Visual Studio Version 17
VisualStudioVersion = 17.0.31903.59
MinimumVisualStudioVersion = 10.0.40219.1
Project("{2150E333-8FDC-42A3-9474-1A3956D46DE8}") = "cleaned-repo-working", "cleaned-repo-working", "{6D4A0FE2-99D0-4177-A41A-308C405B88EF}"
EndProject
Project("{2150E333-8FDC-42A3-9474-1A3956D46DE8}") = "src", "src", "{E84D9496-6165-444B-93D0-9035214C86C8}"
EndProject
Project("{FAE04EC0-301F-11D3-BF4B-00C04F79EFBC}") = "ApiKeyRotation", "cleaned-repo-working\src\ApiKeyRotation\ApiKeyRotation.csproj", "{E0D4CF04-59B1-4DA1-B699-B1415CE706D5}"
EndProject
Global
	GlobalSection(SolutionConfigurationPlatforms) = preSolution
		Debug|Any CPU = Debug|Any CPU
		Release|Any CPU = Release|Any CPU
	EndGlobalSection
	GlobalSection(SolutionProperties) = preSolution
		HideSolutionNode = FALSE
	EndGlobalSection
	GlobalSection(ProjectConfigurationPlatforms) = postSolution
		{E0D4CF04-59B1-4DA1-B699-B1415CE706D5}.Debug|Any CPU.ActiveCfg = Debug|Any CPU
		{E0D4CF04-59B1-4DA1-B699-B1415CE706D5}.Debug|Any CPU.Build.0 = Debug|Any CPU
		{E0D4CF04-59B1-4DA1-B699-B1415CE706D5}.Release|Any CPU.ActiveCfg = Release|Any CPU
		{E0D4CF04-59B1-4DA1-B699-B1415CE706D5}.Release|Any CPU.Build.0 = Release|Any CPU
	EndGlobalSection
	GlobalSection(NestedProjects) = preSolution
		{E84D9496-6165-444B-93D0-9035214C86C8} = {6D4A0FE2-99D0-4177-A41A-308C405B88EF}
		{E0D4CF04-59B1-4DA1-B699-B1415CE706D5} = {E84D9496-6165-444B-93D0-9035214C86C8}
	EndGlobalSection
EndGlobal
